
Microsoft Visual Studio Solution File, Format Version 12.00
# Visual Studio Version 17
VisualStudioVersion = 17.0.31903.59
MinimumVisualStudioVersion = 10.0.40219.1
Project("{FAE04EC0-301F-11D3-BF4B-00C04F79EFBC}") = "EmployeeCrud.API", "EmployeeCrud.API\EmployeeCrud.API.csproj", "{15486665-2D7C-4D8E-9895-E66EE8D80C7A}"
EndProject
Project("{FAE04EC0-301F-11D3-BF4B-00C04F79EFBC}") = "EmployeeCrud.Tests", "EmployeeCrud.Tests\EmployeeCrud.Tests.csproj", "{C09FDAD6-A493-4E4C-A333-D7676A6E7B79}"
EndProject
Global
	GlobalSection(SolutionConfigurationPlatforms) = preSolution
		Debug|Any CPU = Debug|Any CPU
		Release|Any CPU = Release|Any CPU
	EndGlobalSection
	GlobalSection(SolutionProperties) = preSolution
		HideSolutionNode = FALSE
	EndGlobalSection
	GlobalSection(ProjectConfigurationPlatforms) = postSolution
		{15486665-2D7C-4D8E-9895-E66EE8D80C7A}.Debug|Any CPU.ActiveCfg = Debug|Any CPU
		{15486665-2D7C-4D8E-9895-E66EE8D80C7A}.Debug|Any CPU.Build.0 = Debug|Any CPU
		{15486665-2D7C-4D8E-9895-E66EE8D80C7A}.Release|Any CPU.ActiveCfg = Release|Any CPU
		{15486665-2D7C-4D8E-9895-E66EE8D80C7A}.Release|Any CPU.Build.0 = Release|Any CPU
		{C09FDAD6-A493-4E4C-A333-D7676A6E7B79}.Debug|Any CPU.ActiveCfg = Debug|Any CPU
		{C09FDAD6-A493-4E4C-A333-D7676A6E7B79}.Debug|Any CPU.Build.0 = Debug|Any CPU
		{C09FDAD6-A493-4E4C-A333-D7676A6E7B79}.Release|Any CPU.ActiveCfg = Release|Any CPU
		{C09FDAD6-A493-4E4C-A333-D7676A6E7B79}.Release|Any CPU.Build.0 = Release|Any CPU
	EndGlobalSection
EndGlobal
